// !$*UTF8*$!
{
	archiveVersion = 1;
	classes = {
	};
	objectVersion = 56;
	objects = {

/* Begin PBXBuildFile section */
		8A6BE65E2BC5328500291E78 /* pickTangerine.swift in Sources */ = {isa = PBXBuildFile; fileRef = 8A6BE65D2BC5328500291E78 /* pickTangerine.swift */; };
		8A7740AA2B6B217F00B69F98 /* main.swift in Sources */ = {isa = PBXBuildFile; fileRef = 8A7740A92B6B217F00B69F98 /* main.swift */; };
		8A7740B12B6B21CE00B69F98 /* returnMaxAndMinimumValue.swift in Sources */ = {isa = PBXBuildFile; fileRef = 8A7740B02B6B21CE00B69F98 /* returnMaxAndMinimumValue.swift */; };
		8A7740B32B6B250900B69F98 /* createMinimumValue.swift in Sources */ = {isa = PBXBuildFile; fileRef = 8A7740B22B6B250900B69F98 /* createMinimumValue.swift */; };
		8A7740B52B6B257E00B69F98 /* miningMineral.swift in Sources */ = {isa = PBXBuildFile; fileRef = 8A7740B42B6B257E00B69F98 /* miningMineral.swift */; };
		8A7740B72B6B25D300B69F98 /* findIntegerCoordinateBetweenTwoCircles.swift in Sources */ = {isa = PBXBuildFile; fileRef = 8A7740B62B6B25D300B69F98 /* findIntegerCoordinateBetweenTwoCircles.swift */; };
		8A7740B92B6B264D00B69F98 /* performAssignment.swift in Sources */ = {isa = PBXBuildFile; fileRef = 8A7740B82B6B264D00B69F98 /* performAssignment.swift */; };
		8A7740BB2B6B30E300B69F98 /* matchParentheses.swift in Sources */ = {isa = PBXBuildFile; fileRef = 8A7740BA2B6B30E300B69F98 /* matchParentheses.swift */; };
		8A7E8B0B2B7D92C500B73165 /* NextBigNumber.swift in Sources */ = {isa = PBXBuildFile; fileRef = 8A7E8B0A2B7D92C500B73165 /* NextBigNumber.swift */; };
		8A7F10842B71B8B600525097 /* doBroadJump.swift in Sources */ = {isa = PBXBuildFile; fileRef = 8A7F10832B71B8B600525097 /* doBroadJump.swift */; };
		8A85A2D62C2988DF003389E0 /* createLargeNumber.swift in Sources */ = {isa = PBXBuildFile; fileRef = 8A85A2D52C2988DF003389E0 /* createLargeNumber.swift */; };
		8A85A2D82C2989F6003389E0 /* researchMicroorganism.swift in Sources */ = {isa = PBXBuildFile; fileRef = 8A85A2D72C2989F6003389E0 /* researchMicroorganism.swift */; };
		8A863DC32BAA7CD3008B1180 /* deliverAndPick.swift in Sources */ = {isa = PBXBuildFile; fileRef = 8A863DC22BAA7CD3008B1180 /* deliverAndPick.swift */; };
		8AFCB4652BA985CA000C74AB /* defenceGame.swift in Sources */ = {isa = PBXBuildFile; fileRef = 8AFCB4642BA985CA000C74AB /* defenceGame.swift */; };
		8AFCB4672BA9AC62000C74AB /* Heap.swift in Sources */ = {isa = PBXBuildFile; fileRef = 8AFCB4662BA9AC62000C74AB /* Heap.swift */; };
/* End PBXBuildFile section */

/* Begin PBXCopyFilesBuildPhase section */
		8A7740A42B6B217F00B69F98 /* CopyFiles */ = {
			isa = PBXCopyFilesBuildPhase;
			buildActionMask = 2147483647;
			dstPath = /usr/share/man/man1/;
			dstSubfolderSpec = 0;
			files = (
			);
			runOnlyForDeploymentPostprocessing = 1;
		};
/* End PBXCopyFilesBuildPhase section */

/* Begin PBXFileReference section */
		8A6BE65D2BC5328500291E78 /* pickTangerine.swift */ = {isa = PBXFileReference; lastKnownFileType = sourcecode.swift; path = pickTangerine.swift; sourceTree = "<group>"; };
		8A7740A62B6B217F00B69F98 /* CodingTest */ = {isa = PBXFileReference; explicitFileType = "compiled.mach-o.executable"; includeInIndex = 0; path = CodingTest; sourceTree = BUILT_PRODUCTS_DIR; };
		8A7740A92B6B217F00B69F98 /* main.swift */ = {isa = PBXFileReference; lastKnownFileType = sourcecode.swift; path = main.swift; sourceTree = "<group>"; };
		8A7740B02B6B21CE00B69F98 /* returnMaxAndMinimumValue.swift */ = {isa = PBXFileReference; lastKnownFileType = sourcecode.swift; path = returnMaxAndMinimumValue.swift; sourceTree = "<group>"; };
		8A7740B22B6B250900B69F98 /* createMinimumValue.swift */ = {isa = PBXFileReference; lastKnownFileType = sourcecode.swift; path = createMinimumValue.swift; sourceTree = "<group>"; };
		8A7740B42B6B257E00B69F98 /* miningMineral.swift */ = {isa = PBXFileReference; lastKnownFileType = sourcecode.swift; path = miningMineral.swift; sourceTree = "<group>"; };
		8A7740B62B6B25D300B69F98 /* findIntegerCoordinateBetweenTwoCircles.swift */ = {isa = PBXFileReference; lastKnownFileType = sourcecode.swift; path = findIntegerCoordinateBetweenTwoCircles.swift; sourceTree = "<group>"; };
		8A7740B82B6B264D00B69F98 /* performAssignment.swift */ = {isa = PBXFileReference; lastKnownFileType = sourcecode.swift; path = performAssignment.swift; sourceTree = "<group>"; };
		8A7740BA2B6B30E300B69F98 /* matchParentheses.swift */ = {isa = PBXFileReference; lastKnownFileType = sourcecode.swift; path = matchParentheses.swift; sourceTree = "<group>"; };
		8A7E8B0A2B7D92C500B73165 /* NextBigNumber.swift */ = {isa = PBXFileReference; lastKnownFileType = sourcecode.swift; path = NextBigNumber.swift; sourceTree = "<group>"; };
		8A7F10832B71B8B600525097 /* doBroadJump.swift */ = {isa = PBXFileReference; lastKnownFileType = sourcecode.swift; path = doBroadJump.swift; sourceTree = "<group>"; };
		8A85A2D52C2988DF003389E0 /* createLargeNumber.swift */ = {isa = PBXFileReference; lastKnownFileType = sourcecode.swift; path = createLargeNumber.swift; sourceTree = "<group>"; };
		8A85A2D72C2989F6003389E0 /* researchMicroorganism.swift */ = {isa = PBXFileReference; lastKnownFileType = sourcecode.swift; path = researchMicroorganism.swift; sourceTree = "<group>"; };
		8A863DC22BAA7CD3008B1180 /* deliverAndPick.swift */ = {isa = PBXFileReference; lastKnownFileType = sourcecode.swift; path = deliverAndPick.swift; sourceTree = "<group>"; };
		8AFCB4642BA985CA000C74AB /* defenceGame.swift */ = {isa = PBXFileReference; lastKnownFileType = sourcecode.swift; path = defenceGame.swift; sourceTree = "<group>"; };
		8AFCB4662BA9AC62000C74AB /* Heap.swift */ = {isa = PBXFileReference; lastKnownFileType = sourcecode.swift; path = Heap.swift; sourceTree = "<group>"; };
/* End PBXFileReference section */

/* Begin PBXFrameworksBuildPhase section */
		8A7740A32B6B217F00B69F98 /* Frameworks */ = {
			isa = PBXFrameworksBuildPhase;
			buildActionMask = 2147483647;
			files = (
			);
			runOnlyForDeploymentPostprocessing = 0;
		};
/* End PBXFrameworksBuildPhase section */

/* Begin PBXGroup section */
		8A77409D2B6B217F00B69F98 = {
			isa = PBXGroup;
			children = (
				8A7740A82B6B217F00B69F98 /* CodingTest */,
				8A7740A72B6B217F00B69F98 /* Products */,
			);
			sourceTree = "<group>";
		};
		8A7740A72B6B217F00B69F98 /* Products */ = {
			isa = PBXGroup;
			children = (
				8A7740A62B6B217F00B69F98 /* CodingTest */,
			);
			name = Products;
			sourceTree = "<group>";
		};
		8A7740A82B6B217F00B69F98 /* CodingTest */ = {
			isa = PBXGroup;
			children = (
				8A85A2D52C2988DF003389E0 /* createLargeNumber.swift */,
				8AFCB4642BA985CA000C74AB /* defenceGame.swift */,
				8A7E8B0A2B7D92C500B73165 /* NextBigNumber.swift */,
				8A7740A92B6B217F00B69F98 /* main.swift */,
				8A7740B02B6B21CE00B69F98 /* returnMaxAndMinimumValue.swift */,
				8A7740B22B6B250900B69F98 /* createMinimumValue.swift */,
				8A7740B42B6B257E00B69F98 /* miningMineral.swift */,
				8A7740B62B6B25D300B69F98 /* findIntegerCoordinateBetweenTwoCircles.swift */,
				8A7740B82B6B264D00B69F98 /* performAssignment.swift */,
				8A7740BA2B6B30E300B69F98 /* matchParentheses.swift */,
				8A7F10832B71B8B600525097 /* doBroadJump.swift */,
				8AFCB4662BA9AC62000C74AB /* Heap.swift */,
				8A863DC22BAA7CD3008B1180 /* deliverAndPick.swift */,
				8A6BE65D2BC5328500291E78 /* pickTangerine.swift */,
				8A85A2D72C2989F6003389E0 /* researchMicroorganism.swift */,
			);
			path = CodingTest;
			sourceTree = "<group>";
		};
/* End PBXGroup section */

/* Begin PBXNativeTarget section */
		8A7740A52B6B217F00B69F98 /* CodingTest */ = {
			isa = PBXNativeTarget;
			buildConfigurationList = 8A7740AD2B6B217F00B69F98 /* Build configuration list for PBXNativeTarget "CodingTest" */;
			buildPhases = (
				8A7740A22B6B217F00B69F98 /* Sources */,
				8A7740A32B6B217F00B69F98 /* Frameworks */,
				8A7740A42B6B217F00B69F98 /* CopyFiles */,
			);
			buildRules = (
			);
			dependencies = (
			);
			name = CodingTest;
			productName = CodingTest;
			productReference = 8A7740A62B6B217F00B69F98 /* CodingTest */;
			productType = "com.apple.product-type.tool";
		};
/* End PBXNativeTarget section */

/* Begin PBXProject section */
		8A77409E2B6B217F00B69F98 /* Project object */ = {
			isa = PBXProject;
			attributes = {
				BuildIndependentTargetsInParallel = 1;
				LastSwiftUpdateCheck = 1520;
				LastUpgradeCheck = 1530;
				TargetAttributes = {
					8A7740A52B6B217F00B69F98 = {
						CreatedOnToolsVersion = 15.2;
					};
				};
			};
			buildConfigurationList = 8A7740A12B6B217F00B69F98 /* Build configuration list for PBXProject "CodingTest" */;
			compatibilityVersion = "Xcode 14.0";
			developmentRegion = en;
			hasScannedForEncodings = 0;
			knownRegions = (
				en,
				Base,
			);
			mainGroup = 8A77409D2B6B217F00B69F98;
			productRefGroup = 8A7740A72B6B217F00B69F98 /* Products */;
			projectDirPath = "";
			projectRoot = "";
			targets = (
				8A7740A52B6B217F00B69F98 /* CodingTest */,
			);
		};
/* End PBXProject section */

/* Begin PBXSourcesBuildPhase section */
		8A7740A22B6B217F00B69F98 /* Sources */ = {
			isa = PBXSourcesBuildPhase;
			buildActionMask = 2147483647;
			files = (
				8A85A2D62C2988DF003389E0 /* createLargeNumber.swift in Sources */,
				8A7740BB2B6B30E300B69F98 /* matchParentheses.swift in Sources */,
				8A7740B52B6B257E00B69F98 /* miningMineral.swift in Sources */,
				8A7740B72B6B25D300B69F98 /* findIntegerCoordinateBetweenTwoCircles.swift in Sources */,
				8A7E8B0B2B7D92C500B73165 /* NextBigNumber.swift in Sources */,
				8A85A2D82C2989F6003389E0 /* researchMicroorganism.swift in Sources */,
				8A863DC32BAA7CD3008B1180 /* deliverAndPick.swift in Sources */,
				8A6BE65E2BC5328500291E78 /* pickTangerine.swift in Sources */,
				8AFCB4652BA985CA000C74AB /* defenceGame.swift in Sources */,
				8A7F10842B71B8B600525097 /* doBroadJump.swift in Sources */,
				8A7740B12B6B21CE00B69F98 /* returnMaxAndMinimumValue.swift in Sources */,
				8A7740B32B6B250900B69F98 /* createMinimumValue.swift in Sources */,
				8A7740B92B6B264D00B69F98 /* performAssignment.swift in Sources */,
				8A7740AA2B6B217F00B69F98 /* main.swift in Sources */,
				8AFCB4672BA9AC62000C74AB /* Heap.swift in Sources */,
			);
			runOnlyForDeploymentPostprocessing = 0;
		};
/* End PBXSourcesBuildPhase section */

/* Begin XCBuildConfiguration section */
		8A7740AB2B6B217F00B69F98 /* Debug */ = {
			isa = XCBuildConfiguration;
			buildSettings = {
				ALWAYS_SEARCH_USER_PATHS = NO;
				ASSETCATALOG_COMPILER_GENERATE_SWIFT_ASSET_SYMBOL_EXTENSIONS = YES;
				CLANG_ANALYZER_NONNULL = YES;
				CLANG_ANALYZER_NUMBER_OBJECT_CONVERSION = YES_AGGRESSIVE;
				CLANG_CXX_LANGUAGE_STANDARD = "gnu++20";
				CLANG_ENABLE_MODULES = YES;
				CLANG_ENABLE_OBJC_ARC = YES;
				CLANG_ENABLE_OBJC_WEAK = YES;
				CLANG_WARN_BLOCK_CAPTURE_AUTORELEASING = YES;
				CLANG_WARN_BOOL_CONVERSION = YES;
				CLANG_WARN_COMMA = YES;
				CLANG_WARN_CONSTANT_CONVERSION = YES;
				CLANG_WARN_DEPRECATED_OBJC_IMPLEMENTATIONS = YES;
				CLANG_WARN_DIRECT_OBJC_ISA_USAGE = YES_ERROR;
				CLANG_WARN_DOCUMENTATION_COMMENTS = YES;
				CLANG_WARN_EMPTY_BODY = YES;
				CLANG_WARN_ENUM_CONVERSION = YES;
				CLANG_WARN_INFINITE_RECURSION = YES;
				CLANG_WARN_INT_CONVERSION = YES;
				CLANG_WARN_NON_LITERAL_NULL_CONVERSION = YES;
				CLANG_WARN_OBJC_IMPLICIT_RETAIN_SELF = YES;
				CLANG_WARN_OBJC_LITERAL_CONVERSION = YES;
				CLANG_WARN_OBJC_ROOT_CLASS = YES_ERROR;
				CLANG_WARN_QUOTED_INCLUDE_IN_FRAMEWORK_HEADER = YES;
				CLANG_WARN_RANGE_LOOP_ANALYSIS = YES;
				CLANG_WARN_STRICT_PROTOTYPES = YES;
				CLANG_WARN_SUSPICIOUS_MOVE = YES;
				CLANG_WARN_UNGUARDED_AVAILABILITY = YES_AGGRESSIVE;
				CLANG_WARN_UNREACHABLE_CODE = YES;
				CLANG_WARN__DUPLICATE_METHOD_MATCH = YES;
				COPY_PHASE_STRIP = NO;
				DEAD_CODE_STRIPPING = YES;
				DEBUG_INFORMATION_FORMAT = dwarf;
				ENABLE_STRICT_OBJC_MSGSEND = YES;
				ENABLE_TESTABILITY = YES;
				ENABLE_USER_SCRIPT_SANDBOXING = YES;
				GCC_C_LANGUAGE_STANDARD = gnu17;
				GCC_DYNAMIC_NO_PIC = NO;
				GCC_NO_COMMON_BLOCKS = YES;
				GCC_OPTIMIZATION_LEVEL = 0;
				GCC_PREPROCESSOR_DEFINITIONS = (
					"DEBUG=1",
					"$(inherited)",
				);
				GCC_WARN_64_TO_32_BIT_CONVERSION = YES;
				GCC_WARN_ABOUT_RETURN_TYPE = YES_ERROR;
				GCC_WARN_UNDECLARED_SELECTOR = YES;
				GCC_WARN_UNINITIALIZED_AUTOS = YES_AGGRESSIVE;
				GCC_WARN_UNUSED_FUNCTION = YES;
				GCC_WARN_UNUSED_VARIABLE = YES;
				LOCALIZATION_PREFERS_STRING_CATALOGS = YES;
				MACOSX_DEPLOYMENT_TARGET = 14.2;
				MTL_ENABLE_DEBUG_INFO = INCLUDE_SOURCE;
				MTL_FAST_MATH = YES;
				ONLY_ACTIVE_ARCH = YES;
				SDKROOT = macosx;
				SWIFT_ACTIVE_COMPILATION_CONDITIONS = "DEBUG $(inherited)";
				SWIFT_OPTIMIZATION_LEVEL = "-Onone";
			};
			name = Debug;
		};
		8A7740AC2B6B217F00B69F98 /* Release */ = {
			isa = XCBuildConfiguration;
			buildSettings = {
				ALWAYS_SEARCH_USER_PATHS = NO;
				ASSETCATALOG_COMPILER_GENERATE_SWIFT_ASSET_SYMBOL_EXTENSIONS = YES;
				CLANG_ANALYZER_NONNULL = YES;
				CLANG_ANALYZER_NUMBER_OBJECT_CONVERSION = YES_AGGRESSIVE;
				CLANG_CXX_LANGUAGE_STANDARD = "gnu++20";
				CLANG_ENABLE_MODULES = YES;
				CLANG_ENABLE_OBJC_ARC = YES;
				CLANG_ENABLE_OBJC_WEAK = YES;
				CLANG_WARN_BLOCK_CAPTURE_AUTORELEASING = YES;
				CLANG_WARN_BOOL_CONVERSION = YES;
				CLANG_WARN_COMMA = YES;
				CLANG_WARN_CONSTANT_CONVERSION = YES;
				CLANG_WARN_DEPRECATED_OBJC_IMPLEMENTATIONS = YES;
				CLANG_WARN_DIRECT_OBJC_ISA_USAGE = YES_ERROR;
				CLANG_WARN_DOCUMENTATION_COMMENTS = YES;
				CLANG_WARN_EMPTY_BODY = YES;
				CLANG_WARN_ENUM_CONVERSION = YES;
				CLANG_WARN_INFINITE_RECURSION = YES;
				CLANG_WARN_INT_CONVERSION = YES;
				CLANG_WARN_NON_LITERAL_NULL_CONVERSION = YES;
				CLANG_WARN_OBJC_IMPLICIT_RETAIN_SELF = YES;
				CLANG_WARN_OBJC_LITERAL_CONVERSION = YES;
				CLANG_WARN_OBJC_ROOT_CLASS = YES_ERROR;
				CLANG_WARN_QUOTED_INCLUDE_IN_FRAMEWORK_HEADER = YES;
				CLANG_WARN_RANGE_LOOP_ANALYSIS = YES;
				CLANG_WARN_STRICT_PROTOTYPES = YES;
				CLANG_WARN_SUSPICIOUS_MOVE = YES;
				CLANG_WARN_UNGUARDED_AVAILABILITY = YES_AGGRESSIVE;
				CLANG_WARN_UNREACHABLE_CODE = YES;
				CLANG_WARN__DUPLICATE_METHOD_MATCH = YES;
				COPY_PHASE_STRIP = NO;
				DEAD_CODE_STRIPPING = YES;
				DEBUG_INFORMATION_FORMAT = "dwarf-with-dsym";
				ENABLE_NS_ASSERTIONS = NO;
				ENABLE_STRICT_OBJC_MSGSEND = YES;
				ENABLE_USER_SCRIPT_SANDBOXING = YES;
				GCC_C_LANGUAGE_STANDARD = gnu17;
				GCC_NO_COMMON_BLOCKS = YES;
				GCC_WARN_64_TO_32_BIT_CONVERSION = YES;
				GCC_WARN_ABOUT_RETURN_TYPE = YES_ERROR;
				GCC_WARN_UNDECLARED_SELECTOR = YES;
				GCC_WARN_UNINITIALIZED_AUTOS = YES_AGGRESSIVE;
				GCC_WARN_UNUSED_FUNCTION = YES;
				GCC_WARN_UNUSED_VARIABLE = YES;
				LOCALIZATION_PREFERS_STRING_CATALOGS = YES;
				MACOSX_DEPLOYMENT_TARGET = 14.2;
				MTL_ENABLE_DEBUG_INFO = NO;
				MTL_FAST_MATH = YES;
				SDKROOT = macosx;
				SWIFT_COMPILATION_MODE = wholemodule;
			};
			name = Release;
		};
		8A7740AE2B6B217F00B69F98 /* Debug */ = {
			isa = XCBuildConfiguration;
			buildSettings = {
				CODE_SIGN_STYLE = Automatic;
				DEAD_CODE_STRIPPING = YES;
				DEVELOPMENT_TEAM = UYQGT8R65L;
				ENABLE_HARDENED_RUNTIME = YES;
				PRODUCT_NAME = "$(TARGET_NAME)";
				SWIFT_VERSION = 5.0;
			};
			name = Debug;
		};
		8A7740AF2B6B217F00B69F98 /* Release */ = {
			isa = XCBuildConfiguration;
			buildSettings = {
				CODE_SIGN_STYLE = Automatic;
				DEAD_CODE_STRIPPING = YES;
				DEVELOPMENT_TEAM = UYQGT8R65L;
				ENABLE_HARDENED_RUNTIME = YES;
				PRODUCT_NAME = "$(TARGET_NAME)";
				SWIFT_VERSION = 5.0;
			};
			name = Release;
		};
/* End XCBuildConfiguration section */

/* Begin XCConfigurationList section */
		8A7740A12B6B217F00B69F98 /* Build configuration list for PBXProject "CodingTest" */ = {
			isa = XCConfigurationList;
			buildConfigurations = (
				8A7740AB2B6B217F00B69F98 /* Debug */,
				8A7740AC2B6B217F00B69F98 /* Release */,
			);
			defaultConfigurationIsVisible = 0;
			defaultConfigurationName = Release;
		};
		8A7740AD2B6B217F00B69F98 /* Build configuration list for PBXNativeTarget "CodingTest" */ = {
			isa = XCConfigurationList;
			buildConfigurations = (
				8A7740AE2B6B217F00B69F98 /* Debug */,
				8A7740AF2B6B217F00B69F98 /* Release */,
			);
			defaultConfigurationIsVisible = 0;
			defaultConfigurationName = Release;
		};
/* End XCConfigurationList section */
	};
	rootObject = 8A77409E2B6B217F00B69F98 /* Project object */;
}
